Microsoft Visual Studio Solution File, Format Version 12.00
# Visual Studio Version 17
VisualStudioVersion = 17.5.2.0
MinimumVisualStudioVersion = 10.0.40219.1
Project("{FAE04EC0-301F-11D3-BF4B-00C04F79EFBC}") = "NetV4ImprovedServer", "NetV4ImprovedServer.csproj", "{FBC090B5-1767-DD4D-6787-29AFFC1D4283}"
EndProject
Global
	GlobalSection(SolutionConfigurationPlatforms) = preSolution
		Debug|Any CPU = Debug|Any CPU
		Release|Any CPU = Release|Any CPU
	EndGlobalSection
	GlobalSection(ProjectConfigurationPlatforms) = postSolution
		{FBC090B5-1767-DD4D-6787-29AFFC1D4283}.Debug|Any CPU.ActiveCfg = Debug|Any CPU
		{FBC090B5-1767-DD4D-6787-29AFFC1D4283}.Debug|Any CPU.Build.0 = Debug|Any CPU
		{FBC090B5-1767-DD4D-6787-29AFFC1D4283}.Release|Any CPU.ActiveCfg = Release|Any CPU
		{FBC090B5-1767-DD4D-6787-29AFFC1D4283}.Release|Any CPU.Build.0 = Release|Any CPU
	EndGlobalSection
	GlobalSection(SolutionProperties) = preSolution
		HideSolutionNode = FALSE
	EndGlobalSection
	GlobalSection(ExtensibilityGlobals) = postSolution
		SolutionGuid = {0BAED2B8-7156-4D5F-B83E-88D585A1F437}
	EndGlobalSection
EndGlobal
